// !$*UTF8*$!
{
	archiveVersion = 1;
	classes = {
	};
	objectVersion = 50;
	objects = {

/* Begin PBXBuildFile section */
		2A10CB1520C27B9200CCE95E /* TopViewController.swift in Sources */ = {isa = PBXBuildFile; fileRef = 2A10CB1420C27B9200CCE95E /* TopViewController.swift */; };
		2A10CB1720C27BB300CCE95E /* TopViewController.storyboard in Resources */ = {isa = PBXBuildFile; fileRef = 2A10CB1620C27BB300CCE95E /* TopViewController.storyboard */; };
		2A10CB1920C27CA900CCE95E /* QuestionCell.swift in Sources */ = {isa = PBXBuildFile; fileRef = 2A10CB1820C27CA900CCE95E /* QuestionCell.swift */; };
		2A10CB1B20C27CCA00CCE95E /* QuestionCell.xib in Resources */ = {isa = PBXBuildFile; fileRef = 2A10CB1A20C27CCA00CCE95E /* QuestionCell.xib */; };
		2A10CB1D20C2812A00CCE95E /* TopViewControllerViewModel.swift in Sources */ = {isa = PBXBuildFile; fileRef = 2A10CB1C20C2812A00CCE95E /* TopViewControllerViewModel.swift */; };
		2A10CB2520C2834600CCE95E /* JsonStore.swift in Sources */ = {isa = PBXBuildFile; fileRef = 2A10CB2420C2834600CCE95E /* JsonStore.swift */; };
		2A10CB2F20C2D60A00CCE95E /* Instantiatable.swift in Sources */ = {isa = PBXBuildFile; fileRef = 2A10CB2E20C2D60A00CCE95E /* Instantiatable.swift */; };
		2A2F887020C54C9600C0B0D7 /* Initial.json in Resources */ = {isa = PBXBuildFile; fileRef = 2A2F886F20C54C9600C0B0D7 /* Initial.json */; };
		2A2F887220C54DE600C0B0D7 /* Initial.swift in Sources */ = {isa = PBXBuildFile; fileRef = 2A2F887120C54DE600C0B0D7 /* Initial.swift */; };
		2A7BA6B120B46A7C00A7798D /* AppDelegate.swift in Sources */ = {isa = PBXBuildFile; fileRef = 2A7BA6B020B46A7C00A7798D /* AppDelegate.swift */; };
		2A7BA6B820B46A7E00A7798D /* Assets.xcassets in Resources */ = {isa = PBXBuildFile; fileRef = 2A7BA6B720B46A7E00A7798D /* Assets.xcassets */; };
		2A7BA6BB20B46A7E00A7798D /* LaunchScreen.storyboard in Resources */ = {isa = PBXBuildFile; fileRef = 2A7BA6B920B46A7E00A7798D /* LaunchScreen.storyboard */; };
		2A7BA6D420B46C5100A7798D /* Questions.json in Resources */ = {isa = PBXBuildFile; fileRef = 2A7BA6D020B46C5100A7798D /* Questions.json */; };
		2A7BA6D520B46C5100A7798D /* QuestionViewControllerViewModel.swift in Sources */ = {isa = PBXBuildFile; fileRef = 2A7BA6D120B46C5100A7798D /* QuestionViewControllerViewModel.swift */; };
		2A7BA6D620B46C5100A7798D /* QuestionViewController.swift in Sources */ = {isa = PBXBuildFile; fileRef = 2A7BA6D220B46C5100A7798D /* QuestionViewController.swift */; };
		2A7BA6D720B46C5100A7798D /* Question.swift in Sources */ = {isa = PBXBuildFile; fileRef = 2A7BA6D320B46C5100A7798D /* Question.swift */; };
		2A7BA6DA20B46DEE00A7798D /* QuestionViewController.storyboard in Resources */ = {isa = PBXBuildFile; fileRef = 2A7BA6D820B46DEE00A7798D /* QuestionViewController.storyboard */; };
		2AE2E3DE20CA533B00DC8FD1 /* GoogleService-Info.plist in Resources */ = {isa = PBXBuildFile; fileRef = 2AE2E3DD20CA533B00DC8FD1 /* GoogleService-Info.plist */; };
		2AE2E3E020CA5E7600DC8FD1 /* AdMobSettings.plist in Resources */ = {isa = PBXBuildFile; fileRef = 2AE2E3DF20CA5E7600DC8FD1 /* AdMobSettings.plist */; };
		2AE2E3E220CA5EE700DC8FD1 /* AdMobSettings.swift in Sources */ = {isa = PBXBuildFile; fileRef = 2AE2E3E120CA5EE700DC8FD1 /* AdMobSettings.swift */; };
		2AE2E3E420CA64DA00DC8FD1 /* TinyConstraints.framework in Frameworks */ = {isa = PBXBuildFile; fileRef = 2AE2E3E320CA64DA00DC8FD1 /* TinyConstraints.framework */; };
		2AE2E3ED20CB873B00DC8FD1 /* SignInViewController.swift in Sources */ = {isa = PBXBuildFile; fileRef = 2AE2E3EC20CB873B00DC8FD1 /* SignInViewController.swift */; };
		2AE2E3EF20CB875400DC8FD1 /* SignInViewController.storyboard in Resources */ = {isa = PBXBuildFile; fileRef = 2AE2E3EE20CB875400DC8FD1 /* SignInViewController.storyboard */; };
		2E2B44C010341DEEABE51C82 /* Pods_AsaKoreTests.framework in Frameworks */ = {isa = PBXBuildFile; fileRef = 7B0D8104EFB725F208CE261D /* Pods_AsaKoreTests.framework */; };
		76E25C9927314627C04B8925 /* Pods_AsaKore.framework in Frameworks */ = {isa = PBXBuildFile; fileRef = CEF1BCE7CD563392C237EBC0 /* Pods_AsaKore.framework */; };
		C9E2A013932602EB17818DFC /* Pods_Greatest_AnswerTests.framework in Frameworks */ = {isa = PBXBuildFile; fileRef = 2B66985836A703DA6DC40721 /* Pods_Greatest_AnswerTests.framework */; };
		DB047B5826794FBA7F1BC18B /* Pods_Greatest_Answer.framework in Frameworks */ = {isa = PBXBuildFile; fileRef = 6403C8E13F750542DECF4617 /* Pods_Greatest_Answer.framework */; };
/* End PBXBuildFile section */

/* Begin PBXContainerItemProxy section */
		2A7BA6C220B46A7E00A7798D /* PBXContainerItemProxy */ = {
			isa = PBXContainerItemProxy;
			containerPortal = 2A7BA6A520B46A7C00A7798D /* Project object */;
			proxyType = 1;
			remoteGlobalIDString = 2A7BA6AC20B46A7C00A7798D;
			remoteInfo = AsaKore;
		};
/* End PBXContainerItemProxy section */

/* Begin PBXFileReference section */
		006DAD1BF4A0DADCB2CBD885 /* Pods-Greatest Answer.debug.xcconfig */ = {isa = PBXFileReference; includeInIndex = 1; lastKnownFileType = text.xcconfig; name = "Pods-Greatest Answer.debug.xcconfig"; path = "Pods/Target Support Files/Pods-Greatest Answer/Pods-Greatest Answer.debug.xcconfig"; sourceTree = "<group>"; };
		05102E4977AFE1DD4B144626 /* Pods-Greatest AnswerTests.release.xcconfig */ = {isa = PBXFileReference; includeInIndex = 1; lastKnownFileType = text.xcconfig; name = "Pods-Greatest AnswerTests.release.xcconfig"; path = "Pods/Target Support Files/Pods-Greatest AnswerTests/Pods-Greatest AnswerTests.release.xcconfig"; sourceTree = "<group>"; };
		0B955D9657F11012B73300F6 /* Pods-AsaKoreTests.release.xcconfig */ = {isa = PBXFileReference; includeInIndex = 1; lastKnownFileType = text.xcconfig; name = "Pods-AsaKoreTests.release.xcconfig"; path = "Pods/Target Support Files/Pods-AsaKoreTests/Pods-AsaKoreTests.release.xcconfig"; sourceTree = "<group>"; };
		0BBD205FE53CC26129D19528 /* Pods-AsaKoreTests.debug.xcconfig */ = {isa = PBXFileReference; includeInIndex = 1; lastKnownFileType = text.xcconfig; name = "Pods-AsaKoreTests.debug.xcconfig"; path = "Pods/Target Support Files/Pods-AsaKoreTests/Pods-AsaKoreTests.debug.xcconfig"; sourceTree = "<group>"; };
		147C19E178C303AAB10E2C67 /* Pods-AsaKore.release.xcconfig */ = {isa = PBXFileReference; includeInIndex = 1; lastKnownFileType = text.xcconfig; name = "Pods-AsaKore.release.xcconfig"; path = "Pods/Target Support Files/Pods-AsaKore/Pods-AsaKore.release.xcconfig"; sourceTree = "<group>"; };
		165DA887363F6E395D4F997D /* Pods-Greatest Answer.release.xcconfig */ = {isa = PBXFileReference; includeInIndex = 1; lastKnownFileType = text.xcconfig; name = "Pods-Greatest Answer.release.xcconfig"; path = "Pods/Target Support Files/Pods-Greatest Answer/Pods-Greatest Answer.release.xcconfig"; sourceTree = "<group>"; };
		2A10CB1420C27B9200CCE95E /* TopViewController.swift */ = {isa = PBXFileReference; lastKnownFileType = sourcecode.swift; path = TopViewController.swift; sourceTree = "<group>"; };
		2A10CB1620C27BB300CCE95E /* TopViewController.storyboard */ = {isa = PBXFileReference; lastKnownFileType = file.storyboard; path = TopViewController.storyboard; sourceTree = "<group>"; };
		2A10CB1820C27CA900CCE95E /* QuestionCell.swift */ = {isa = PBXFileReference; lastKnownFileType = sourcecode.swift; path = QuestionCell.swift; sourceTree = "<group>"; };
		2A10CB1A20C27CCA00CCE95E /* QuestionCell.xib */ = {isa = PBXFileReference; lastKnownFileType = file.xib; path = QuestionCell.xib; sourceTree = "<group>"; };
		2A10CB1C20C2812A00CCE95E /* TopViewControllerViewModel.swift */ = {isa = PBXFileReference; lastKnownFileType = sourcecode.swift; path = TopViewControllerViewModel.swift; sourceTree = "<group>"; };
		2A10CB2420C2834600CCE95E /* JsonStore.swift */ = {isa = PBXFileReference; lastKnownFileType = sourcecode.swift; path = JsonStore.swift; sourceTree = "<group>"; };
		2A10CB2E20C2D60A00CCE95E /* Instantiatable.swift */ = {isa = PBXFileReference; lastKnownFileType = sourcecode.swift; path = Instantiatable.swift; sourceTree = "<group>"; };
		2A2F886F20C54C9600C0B0D7 /* Initial.json */ = {isa = PBXFileReference; lastKnownFileType = text.json; path = Initial.json; sourceTree = "<group>"; };
		2A2F887120C54DE600C0B0D7 /* Initial.swift */ = {isa = PBXFileReference; lastKnownFileType = sourcecode.swift; path = Initial.swift; sourceTree = "<group>"; };
		2A7BA6AD20B46A7C00A7798D /* Greatest Answer.app */ = {isa = PBXFileReference; explicitFileType = wrapper.application; includeInIndex = 0; path = "Greatest Answer.app"; sourceTree = BUILT_PRODUCTS_DIR; };
		2A7BA6B020B46A7C00A7798D /* AppDelegate.swift */ = {isa = PBXFileReference; lastKnownFileType = sourcecode.swift; path = AppDelegate.swift; sourceTree = "<group>"; };
		2A7BA6B720B46A7E00A7798D /* Assets.xcassets */ = {isa = PBXFileReference; lastKnownFileType = folder.assetcatalog; path = Assets.xcassets; sourceTree = "<group>"; };
		2A7BA6BA20B46A7E00A7798D /* Base */ = {isa = PBXFileReference; lastKnownFileType = file.storyboard; name = Base; path = Base.lproj/LaunchScreen.storyboard; sourceTree = "<group>"; };
		2A7BA6BC20B46A7E00A7798D /* Info.plist */ = {isa = PBXFileReference; lastKnownFileType = text.plist.xml; path = Info.plist; sourceTree = "<group>"; };
		2A7BA6C120B46A7E00A7798D /* Greatest AnswerTests.xctest */ = {isa = PBXFileReference; explicitFileType = wrapper.cfbundle; includeInIndex = 0; path = "Greatest AnswerTests.xctest"; sourceTree = BUILT_PRODUCTS_DIR; };
		2A7BA6D020B46C5100A7798D /* Questions.json */ = {isa = PBXFileReference; fileEncoding = 4; lastKnownFileType = text.json; path = Questions.json; sourceTree = "<group>"; };
		2A7BA6D120B46C5100A7798D /* QuestionViewControllerViewModel.swift */ = {isa = PBXFileReference; fileEncoding = 4; lastKnownFileType = sourcecode.swift; path = QuestionViewControllerViewModel.swift; sourceTree = "<group>"; };
		2A7BA6D220B46C5100A7798D /* QuestionViewController.swift */ = {isa = PBXFileReference; fileEncoding = 4; lastKnownFileType = sourcecode.swift; path = QuestionViewController.swift; sourceTree = "<group>"; };
		2A7BA6D320B46C5100A7798D /* Question.swift */ = {isa = PBXFileReference; fileEncoding = 4; lastKnownFileType = sourcecode.swift; path = Question.swift; sourceTree = "<group>"; };
		2A7BA6D920B46DEE00A7798D /* Base */ = {isa = PBXFileReference; lastKnownFileType = file.storyboard; name = Base; path = Base.lproj/QuestionViewController.storyboard; sourceTree = "<group>"; };
		2AE2E3DD20CA533B00DC8FD1 /* GoogleService-Info.plist */ = {isa = PBXFileReference; fileEncoding = 4; lastKnownFileType = text.plist.xml; path = "GoogleService-Info.plist"; sourceTree = "<group>"; };
		2AE2E3DF20CA5E7600DC8FD1 /* AdMobSettings.plist */ = {isa = PBXFileReference; lastKnownFileType = text.plist.xml; path = AdMobSettings.plist; sourceTree = "<group>"; };
		2AE2E3E120CA5EE700DC8FD1 /* AdMobSettings.swift */ = {isa = PBXFileReference; lastKnownFileType = sourcecode.swift; path = AdMobSettings.swift; sourceTree = "<group>"; };
		2AE2E3E320CA64DA00DC8FD1 /* TinyConstraints.framework */ = {isa = PBXFileReference; lastKnownFileType = wrapper.framework; name = TinyConstraints.framework; path = Carthage/Build/iOS/TinyConstraints.framework; sourceTree = "<group>"; };
		2AE2E3EC20CB873B00DC8FD1 /* SignInViewController.swift */ = {isa = PBXFileReference; lastKnownFileType = sourcecode.swift; path = SignInViewController.swift; sourceTree = "<group>"; };
		2AE2E3EE20CB875400DC8FD1 /* SignInViewController.storyboard */ = {isa = PBXFileReference; lastKnownFileType = file.storyboard; path = SignInViewController.storyboard; sourceTree = "<group>"; };
		2B66985836A703DA6DC40721 /* Pods_Greatest_AnswerTests.framework */ = {isa = PBXFileReference; explicitFileType = wrapper.framework; includeInIndex = 0; path = Pods_Greatest_AnswerTests.framework; sourceTree = BUILT_PRODUCTS_DIR; };
		38B1139017F2A57CB47D1FED /* Pods-Greatest AnswerTests.debug.xcconfig */ = {isa = PBXFileReference; includeInIndex = 1; lastKnownFileType = text.xcconfig; name = "Pods-Greatest AnswerTests.debug.xcconfig"; path = "Pods/Target Support Files/Pods-Greatest AnswerTests/Pods-Greatest AnswerTests.debug.xcconfig"; sourceTree = "<group>"; };
		6403C8E13F750542DECF4617 /* Pods_Greatest_Answer.framework */ = {isa = PBXFileReference; explicitFileType = wrapper.framework; includeInIndex = 0; path = Pods_Greatest_Answer.framework; sourceTree = BUILT_PRODUCTS_DIR; };
		7B0D8104EFB725F208CE261D /* Pods_AsaKoreTests.framework */ = {isa = PBXFileReference; explicitFileType = wrapper.framework; includeInIndex = 0; path = Pods_AsaKoreTests.framework; sourceTree = BUILT_PRODUCTS_DIR; };
		BAAE0A3BF8F46503E3F7B3CE /* Pods-AsaKore.debug.xcconfig */ = {isa = PBXFileReference; includeInIndex = 1; lastKnownFileType = text.xcconfig; name = "Pods-AsaKore.debug.xcconfig"; path = "Pods/Target Support Files/Pods-AsaKore/Pods-AsaKore.debug.xcconfig"; sourceTree = "<group>"; };
		CEF1BCE7CD563392C237EBC0 /* Pods_AsaKore.framework */ = {isa = PBXFileReference; explicitFileType = wrapper.framework; includeInIndex = 0; path = Pods_AsaKore.framework; sourceTree = BUILT_PRODUCTS_DIR; };
/* End PBXFileReference section */

/* Begin PBXFrameworksBuildPhase section */
		2A7BA6AA20B46A7C00A7798D /* Frameworks */ = {
			isa = PBXFrameworksBuildPhase;
			buildActionMask = 2147483647;
			files = (
				2AE2E3E420CA64DA00DC8FD1 /* TinyConstraints.framework in Frameworks */,
				76E25C9927314627C04B8925 /* Pods_AsaKore.framework in Frameworks */,
				DB047B5826794FBA7F1BC18B /* Pods_Greatest_Answer.framework in Frameworks */,
			);
			runOnlyForDeploymentPostprocessing = 0;
		};
		2A7BA6BE20B46A7E00A7798D /* Frameworks */ = {
			isa = PBXFrameworksBuildPhase;
			buildActionMask = 2147483647;
			files = (
				2E2B44C010341DEEABE51C82 /* Pods_AsaKoreTests.framework in Frameworks */,
				C9E2A013932602EB17818DFC /* Pods_Greatest_AnswerTests.framework in Frameworks */,
			);
			runOnlyForDeploymentPostprocessing = 0;
		};
/* End PBXFrameworksBuildPhase section */

/* Begin PBXGroup section */
		2A10CB1E20C2813800CCE95E /* ViewController */ = {
			isa = PBXGroup;
			children = (
				2AE2E3EB20CB86E300DC8FD1 /* SignIn */,
				2AE2E3DC20CA52FC00DC8FD1 /* Launch */,
				2A10CB1F20C2814100CCE95E /* Top */,
				2A10CB2620C28E4F00CCE95E /* Question */,
			);
			path = ViewController;
			sourceTree = "<group>";
		};
		2A10CB1F20C2814100CCE95E /* Top */ = {
			isa = PBXGroup;
			children = (
				2A10CB1420C27B9200CCE95E /* TopViewController.swift */,
				2A10CB1620C27BB300CCE95E /* TopViewController.storyboard */,
				2A10CB1C20C2812A00CCE95E /* TopViewControllerViewModel.swift */,
			);
			path = Top;
			sourceTree = "<group>";
		};
		2A10CB2020C2816700CCE95E /* Cell */ = {
			isa = PBXGroup;
			children = (
				2A10CB1820C27CA900CCE95E /* QuestionCell.swift */,
				2A10CB1A20C27CCA00CCE95E /* QuestionCell.xib */,
			);
			path = Cell;
			sourceTree = "<group>";
		};
		2A10CB2120C2818900CCE95E /* Resource */ = {
			isa = PBXGroup;
			children = (
				2A7BA6B720B46A7E00A7798D /* Assets.xcassets */,
				2A7BA6D020B46C5100A7798D /* Questions.json */,
				2A2F886F20C54C9600C0B0D7 /* Initial.json */,
			);
			path = Resource;
			sourceTree = "<group>";
		};
		2A10CB2220C2819500CCE95E /* Model */ = {
			isa = PBXGroup;
			children = (
				2A7BA6D320B46C5100A7798D /* Question.swift */,
				2A2F887120C54DE600C0B0D7 /* Initial.swift */,
			);
			path = Model;
			sourceTree = "<group>";
		};
		2A10CB2320C2833800CCE95E /* Utility */ = {
			isa = PBXGroup;
			children = (
				2A10CB2420C2834600CCE95E /* JsonStore.swift */,
				2AE2E3E120CA5EE700DC8FD1 /* AdMobSettings.swift */,
			);
			path = Utility;
			sourceTree = "<group>";
		};
		2A10CB2620C28E4F00CCE95E /* Question */ = {
			isa = PBXGroup;
			children = (
				2A7BA6D220B46C5100A7798D /* QuestionViewController.swift */,
				2A7BA6D820B46DEE00A7798D /* QuestionViewController.storyboard */,
				2A7BA6D120B46C5100A7798D /* QuestionViewControllerViewModel.swift */,
			);
			path = Question;
			sourceTree = "<group>";
		};
		2A10CB2D20C2D5E900CCE95E /* Protocol */ = {
			isa = PBXGroup;
			children = (
				2A10CB2E20C2D60A00CCE95E /* Instantiatable.swift */,
			);
			path = Protocol;
			sourceTree = "<group>";
		};
		2A7BA6A420B46A7C00A7798D = {
			isa = PBXGroup;
			children = (
				2A7BA6AF20B46A7C00A7798D /* Greatest Answer */,
				2A7BA6AE20B46A7C00A7798D /* Products */,
				832444F4E822C66B098FB1E5 /* Pods */,
				565C30BE7DF9ACE66E524F1A /* Frameworks */,
			);
			sourceTree = "<group>";
		};
		2A7BA6AE20B46A7C00A7798D /* Products */ = {
			isa = PBXGroup;
			children = (
				2A7BA6AD20B46A7C00A7798D /* Greatest Answer.app */,
				2A7BA6C120B46A7E00A7798D /* Greatest AnswerTests.xctest */,
			);
			name = Products;
			sourceTree = "<group>";
		};
		2A7BA6AF20B46A7C00A7798D /* Greatest Answer */ = {
			isa = PBXGroup;
			children = (
				2A7BA6B020B46A7C00A7798D /* AppDelegate.swift */,
				2A10CB2D20C2D5E900CCE95E /* Protocol */,
				2A10CB1E20C2813800CCE95E /* ViewController */,
				2A10CB2220C2819500CCE95E /* Model */,
				2A10CB2020C2816700CCE95E /* Cell */,
				2A10CB2320C2833800CCE95E /* Utility */,
				2AE2E3DB20CA52DB00DC8FD1 /* Settings */,
				2A10CB2120C2818900CCE95E /* Resource */,
			);
			path = "Greatest Answer";
			sourceTree = "<group>";
		};
		2AE2E3DB20CA52DB00DC8FD1 /* Settings */ = {
			isa = PBXGroup;
			children = (
				2A7BA6BC20B46A7E00A7798D /* Info.plist */,
				2AE2E3DD20CA533B00DC8FD1 /* GoogleService-Info.plist */,
				2AE2E3DF20CA5E7600DC8FD1 /* AdMobSettings.plist */,
			);
			path = Settings;
			sourceTree = "<group>";
		};
		2AE2E3DC20CA52FC00DC8FD1 /* Launch */ = {
			isa = PBXGroup;
			children = (
				2A7BA6B920B46A7E00A7798D /* LaunchScreen.storyboard */,
			);
			path = Launch;
			sourceTree = "<group>";
		};
		2AE2E3EB20CB86E300DC8FD1 /* SignIn */ = {
			isa = PBXGroup;
			children = (
				2AE2E3EC20CB873B00DC8FD1 /* SignInViewController.swift */,
				2AE2E3EE20CB875400DC8FD1 /* SignInViewController.storyboard */,
			);
			path = SignIn;
			sourceTree = "<group>";
		};
		565C30BE7DF9ACE66E524F1A /* Frameworks */ = {
			isa = PBXGroup;
			children = (
				2AE2E3E320CA64DA00DC8FD1 /* TinyConstraints.framework */,
				CEF1BCE7CD563392C237EBC0 /* Pods_AsaKore.framework */,
				7B0D8104EFB725F208CE261D /* Pods_AsaKoreTests.framework */,
				6403C8E13F750542DECF4617 /* Pods_Greatest_Answer.framework */,
				2B66985836A703DA6DC40721 /* Pods_Greatest_AnswerTests.framework */,
			);
			name = Frameworks;
			sourceTree = "<group>";
		};
		832444F4E822C66B098FB1E5 /* Pods */ = {
			isa = PBXGroup;
			children = (
				BAAE0A3BF8F46503E3F7B3CE /* Pods-AsaKore.debug.xcconfig */,
				147C19E178C303AAB10E2C67 /* Pods-AsaKore.release.xcconfig */,
				0BBD205FE53CC26129D19528 /* Pods-AsaKoreTests.debug.xcconfig */,
				0B955D9657F11012B73300F6 /* Pods-AsaKoreTests.release.xcconfig */,
				006DAD1BF4A0DADCB2CBD885 /* Pods-Greatest Answer.debug.xcconfig */,
				165DA887363F6E395D4F997D /* Pods-Greatest Answer.release.xcconfig */,
				38B1139017F2A57CB47D1FED /* Pods-Greatest AnswerTests.debug.xcconfig */,
				05102E4977AFE1DD4B144626 /* Pods-Greatest AnswerTests.release.xcconfig */,
			);
			name = Pods;
			sourceTree = "<group>";
		};
/* End PBXGroup section */

/* Begin PBXNativeTarget section */
		2A7BA6AC20B46A7C00A7798D /* Greatest Answer */ = {
			isa = PBXNativeTarget;
			buildConfigurationList = 2A7BA6CA20B46A7E00A7798D /* Build configuration list for PBXNativeTarget "Greatest Answer" */;
			buildPhases = (
				9D73D4F52CD3667B1FE76057 /* [CP] Check Pods Manifest.lock */,
				2A7BA6A920B46A7C00A7798D /* Sources */,
				2A7BA6AA20B46A7C00A7798D /* Frameworks */,
				2A7BA6AB20B46A7C00A7798D /* Resources */,
				2AE2E3E520CA64EE00DC8FD1 /* Run Carthage Script */,
				EEF2D66430B884886EE0F3AA /* [CP] Embed Pods Frameworks */,
				0B6FC824FEA25DD3675E6EE7 /* [CP] Copy Pods Resources */,
			);
			buildRules = (
			);
			dependencies = (
			);
			name = "Greatest Answer";
			productName = AsaKore;
			productReference = 2A7BA6AD20B46A7C00A7798D /* Greatest Answer.app */;
			productType = "com.apple.product-type.application";
		};
		2A7BA6C020B46A7E00A7798D /* Greatest AnswerTests */ = {
			isa = PBXNativeTarget;
			buildConfigurationList = 2A7BA6CD20B46A7E00A7798D /* Build configuration list for PBXNativeTarget "Greatest AnswerTests" */;
			buildPhases = (
				C45A1E75434258F559DE8F15 /* [CP] Check Pods Manifest.lock */,
				2A7BA6BD20B46A7E00A7798D /* Sources */,
				2A7BA6BE20B46A7E00A7798D /* Frameworks */,
				2A7BA6BF20B46A7E00A7798D /* Resources */,
			);
			buildRules = (
			);
			dependencies = (
				2A7BA6C320B46A7E00A7798D /* PBXTargetDependency */,
			);
			name = "Greatest AnswerTests";
			productName = AsaKoreTests;
			productReference = 2A7BA6C120B46A7E00A7798D /* Greatest AnswerTests.xctest */;
			productType = "com.apple.product-type.bundle.unit-test";
		};
/* End PBXNativeTarget section */

/* Begin PBXProject section */
		2A7BA6A520B46A7C00A7798D /* Project object */ = {
			isa = PBXProject;
			attributes = {
				LastSwiftUpdateCheck = 0930;
				LastUpgradeCheck = 0930;
				ORGANIZATIONNAME = "刈部拓未";
				TargetAttributes = {
					2A7BA6AC20B46A7C00A7798D = {
						CreatedOnToolsVersion = 9.3.1;
					};
					2A7BA6C020B46A7E00A7798D = {
						CreatedOnToolsVersion = 9.3.1;
						TestTargetID = 2A7BA6AC20B46A7C00A7798D;
					};
				};
			};
			buildConfigurationList = 2A7BA6A820B46A7C00A7798D /* Build configuration list for PBXProject "Greatest Answer" */;
			compatibilityVersion = "Xcode 9.3";
			developmentRegion = en;
			hasScannedForEncodings = 0;
			knownRegions = (
				en,
				Base,
			);
			mainGroup = 2A7BA6A420B46A7C00A7798D;
			productRefGroup = 2A7BA6AE20B46A7C00A7798D /* Products */;
			projectDirPath = "";
			projectRoot = "";
			targets = (
				2A7BA6AC20B46A7C00A7798D /* Greatest Answer */,
				2A7BA6C020B46A7E00A7798D /* Greatest AnswerTests */,
			);
		};
/* End PBXProject section */

/* Begin PBXResourcesBuildPhase section */
		2A7BA6AB20B46A7C00A7798D /* Resources */ = {
			isa = PBXResourcesBuildPhase;
			buildActionMask = 2147483647;
			files = (
				2A7BA6D420B46C5100A7798D /* Questions.json in Resources */,
				2AE2E3EF20CB875400DC8FD1 /* SignInViewController.storyboard in Resources */,
				2AE2E3DE20CA533B00DC8FD1 /* GoogleService-Info.plist in Resources */,
				2A10CB1B20C27CCA00CCE95E /* QuestionCell.xib in Resources */,
				2AE2E3E020CA5E7600DC8FD1 /* AdMobSettings.plist in Resources */,
				2A7BA6DA20B46DEE00A7798D /* QuestionViewController.storyboard in Resources */,
				2A7BA6BB20B46A7E00A7798D /* LaunchScreen.storyboard in Resources */,
				2A7BA6B820B46A7E00A7798D /* Assets.xcassets in Resources */,
				2A2F887020C54C9600C0B0D7 /* Initial.json in Resources */,
				2A10CB1720C27BB300CCE95E /* TopViewController.storyboard in Resources */,
			);
			runOnlyForDeploymentPostprocessing = 0;
		};
		2A7BA6BF20B46A7E00A7798D /* Resources */ = {
			isa = PBXResourcesBuildPhase;
			buildActionMask = 2147483647;
			files = (
			);
			runOnlyForDeploymentPostprocessing = 0;
		};
/* End PBXResourcesBuildPhase section */

/* Begin PBXShellScriptBuildPhase section */
		0B6FC824FEA25DD3675E6EE7 /* [CP] Copy Pods Resources */ = {
			isa = PBXShellScriptBuildPhase;
			buildActionMask = 2147483647;
			files = (
			);
			inputPaths = (
				"${SRCROOT}/Pods/Target Support Files/Pods-Greatest Answer/Pods-Greatest Answer-resources.sh",
				"${PODS_ROOT}/FirebaseInvites/Resources/GINInviteResources.bundle",
				"${PODS_ROOT}/FirebaseInvites/Resources/GPPACLPickerResources.bundle",
				"${PODS_ROOT}/GoogleSignIn/Resources/GoogleSignIn.bundle",
			);
			name = "[CP] Copy Pods Resources";
			outputPaths = (
				"${TARGET_BUILD_DIR}/${UNLOCALIZED_RESOURCES_FOLDER_PATH}/GINInviteResources.bundle",
				"${TARGET_BUILD_DIR}/${UNLOCALIZED_RESOURCES_FOLDER_PATH}/GPPACLPickerResources.bundle",
				"${TARGET_BUILD_DIR}/${UNLOCALIZED_RESOURCES_FOLDER_PATH}/GoogleSignIn.bundle",
			);
			runOnlyForDeploymentPostprocessing = 0;
			shellPath = /bin/sh;
			shellScript = "\"${SRCROOT}/Pods/Target Support Files/Pods-Greatest Answer/Pods-Greatest Answer-resources.sh\"\n";
			showEnvVarsInLog = 0;
		};
		2AE2E3E520CA64EE00DC8FD1 /* Run Carthage Script */ = {
			isa = PBXShellScriptBuildPhase;
			buildActionMask = 2147483647;
			files = (
			);
			inputPaths = (
				"$(SRCROOT)/Carthage/Build/iOS/TinyConstraints.framework",
			);
			name = "Run Carthage Script";
			outputPaths = (
			);
			runOnlyForDeploymentPostprocessing = 0;
			shellPath = /bin/sh;
			shellScript = "/usr/local/bin/carthage copy-frameworks";
		};
		9D73D4F52CD3667B1FE76057 /* [CP] Check Pods Manifest.lock */ = {
			isa = PBXShellScriptBuildPhase;
			buildActionMask = 2147483647;
			files = (
			);
			inputPaths = (
				"${PODS_PODFILE_DIR_PATH}/Podfile.lock",
				"${PODS_ROOT}/Manifest.lock",
			);
			name = "[CP] Check Pods Manifest.lock";
			outputPaths = (
				"$(DERIVED_FILE_DIR)/Pods-Greatest Answer-checkManifestLockResult.txt",
			);
			runOnlyForDeploymentPostprocessing = 0;
			shellPath = /bin/sh;
			shellScript = "diff \"${PODS_PODFILE_DIR_PATH}/Podfile.lock\" \"${PODS_ROOT}/Manifest.lock\" > /dev/null\nif [ $? != 0 ] ; then\n    # print error to STDERR\n    echo \"error: The sandbox is not in sync with the Podfile.lock. Run 'pod install' or update your CocoaPods installation.\" >&2\n    exit 1\nfi\n# This output is used by Xcode 'outputs' to avoid re-running this script phase.\necho \"SUCCESS\" > \"${SCRIPT_OUTPUT_FILE_0}\"\n";
			showEnvVarsInLog = 0;
		};
		C45A1E75434258F559DE8F15 /* [CP] Check Pods Manifest.lock */ = {
			isa = PBXShellScriptBuildPhase;
			buildActionMask = 2147483647;
			files = (
			);
			inputPaths = (
				"${PODS_PODFILE_DIR_PATH}/Podfile.lock",
				"${PODS_ROOT}/Manifest.lock",
			);
			name = "[CP] Check Pods Manifest.lock";
			outputPaths = (
				"$(DERIVED_FILE_DIR)/Pods-Greatest AnswerTests-checkManifestLockResult.txt",
			);
			runOnlyForDeploymentPostprocessing = 0;
			shellPath = /bin/sh;
			shellScript = "diff \"${PODS_PODFILE_DIR_PATH}/Podfile.lock\" \"${PODS_ROOT}/Manifest.lock\" > /dev/null\nif [ $? != 0 ] ; then\n    # print error to STDERR\n    echo \"error: The sandbox is not in sync with the Podfile.lock. Run 'pod install' or update your CocoaPods installation.\" >&2\n    exit 1\nfi\n# This output is used by Xcode 'outputs' to avoid re-running this script phase.\necho \"SUCCESS\" > \"${SCRIPT_OUTPUT_FILE_0}\"\n";
			showEnvVarsInLog = 0;
		};
		EEF2D66430B884886EE0F3AA /* [CP] Embed Pods Frameworks */ = {
			isa = PBXShellScriptBuildPhase;
			buildActionMask = 2147483647;
			files = (
			);
			inputPaths = (
				"${SRCROOT}/Pods/Target Support Files/Pods-Greatest Answer/Pods-Greatest Answer-frameworks.sh",
				"${BUILT_PRODUCTS_DIR}/GTMOAuth2/GTMOAuth2.framework",
				"${BUILT_PRODUCTS_DIR}/GTMSessionFetcher/GTMSessionFetcher.framework",
				"${BUILT_PRODUCTS_DIR}/GoogleAPIClientForREST/GoogleAPIClientForREST.framework",
				"${BUILT_PRODUCTS_DIR}/GoogleToolboxForMac/GoogleToolboxForMac.framework",
				"${BUILT_PRODUCTS_DIR}/Protobuf/Protobuf.framework",
				"${BUILT_PRODUCTS_DIR}/nanopb/nanopb.framework",
			);
			name = "[CP] Embed Pods Frameworks";
			outputPaths = (
				"${TARGET_BUILD_DIR}/${FRAMEWORKS_FOLDER_PATH}/GTMOAuth2.framework",
				"${TARGET_BUILD_DIR}/${FRAMEWORKS_FOLDER_PATH}/GTMSessionFetcher.framework",
				"${TARGET_BUILD_DIR}/${FRAMEWORKS_FOLDER_PATH}/GoogleAPIClientForREST.framework",
				"${TARGET_BUILD_DIR}/${FRAMEWORKS_FOLDER_PATH}/GoogleToolboxForMac.framework",
				"${TARGET_BUILD_DIR}/${FRAMEWORKS_FOLDER_PATH}/Protobuf.framework",
				"${TARGET_BUILD_DIR}/${FRAMEWORKS_FOLDER_PATH}/nanopb.framework",
			);
			runOnlyForDeploymentPostprocessing = 0;
			shellPath = /bin/sh;
			shellScript = "\"${SRCROOT}/Pods/Target Support Files/Pods-Greatest Answer/Pods-Greatest Answer-frameworks.sh\"\n";
			showEnvVarsInLog = 0;
		};
/* End PBXShellScriptBuildPhase section */

/* Begin PBXSourcesBuildPhase section */
		2A7BA6A920B46A7C00A7798D /* Sources */ = {
			isa = PBXSourcesBuildPhase;
			buildActionMask = 2147483647;
			files = (
				2A7BA6D720B46C5100A7798D /* Question.swift in Sources */,
				2A10CB2520C2834600CCE95E /* JsonStore.swift in Sources */,
				2A7BA6B120B46A7C00A7798D /* AppDelegate.swift in Sources */,
				2A10CB2F20C2D60A00CCE95E /* Instantiatable.swift in Sources */,
				2A7BA6D620B46C5100A7798D /* QuestionViewController.swift in Sources */,
				2A10CB1920C27CA900CCE95E /* QuestionCell.swift in Sources */,
				2AE2E3E220CA5EE700DC8FD1 /* AdMobSettings.swift in Sources */,
				2A10CB1D20C2812A00CCE95E /* TopViewControllerViewModel.swift in Sources */,
				2AE2E3ED20CB873B00DC8FD1 /* SignInViewController.swift in Sources */,
				2A7BA6D520B46C5100A7798D /* QuestionViewControllerViewModel.swift in Sources */,
				2A2F887220C54DE600C0B0D7 /* Initial.swift in Sources */,
				2A10CB1520C27B9200CCE95E /* TopViewController.swift in Sources */,
			);
			runOnlyForDeploymentPostprocessing = 0;
		};
		2A7BA6BD20B46A7E00A7798D /* Sources */ = {
			isa = PBXSourcesBuildPhase;
			buildActionMask = 2147483647;
			files = (
			);
			runOnlyForDeploymentPostprocessing = 0;
		};
/* End PBXSourcesBuildPhase section */

/* Begin PBXTargetDependency section */
		2A7BA6C320B46A7E00A7798D /* PBXTargetDependency */ = {
			isa = PBXTargetDependency;
			target = 2A7BA6AC20B46A7C00A7798D /* Greatest Answer */;
			targetProxy = 2A7BA6C220B46A7E00A7798D /* PBXContainerItemProxy */;
		};
/* End PBXTargetDependency section */

/* Begin PBXVariantGroup section */
		2A7BA6B920B46A7E00A7798D /* LaunchScreen.storyboard */ = {
			isa = PBXVariantGroup;
			children = (
				2A7BA6BA20B46A7E00A7798D /* Base */,
			);
			name = LaunchScreen.storyboard;
			sourceTree = "<group>";
		};
		2A7BA6D820B46DEE00A7798D /* QuestionViewController.storyboard */ = {
			isa = PBXVariantGroup;
			children = (
				2A7BA6D920B46DEE00A7798D /* Base */,
			);
			name = QuestionViewController.storyboard;
			sourceTree = "<group>";
		};
/* End PBXVariantGroup section */

/* Begin XCBuildConfiguration section */
		2A7BA6C820B46A7E00A7798D /* Debug */ = {
			isa = XCBuildConfiguration;
			buildSettings = {
				ALWAYS_SEARCH_USER_PATHS = NO;
				CLANG_ANALYZER_NONNULL = YES;
				CLANG_ANALYZER_NUMBER_OBJECT_CONVERSION = YES_AGGRESSIVE;
				CLANG_CXX_LANGUAGE_STANDARD = "gnu++14";
				CLANG_CXX_LIBRARY = "libc++";
				CLANG_ENABLE_MODULES = YES;
				CLANG_ENABLE_OBJC_ARC = YES;
				CLANG_ENABLE_OBJC_WEAK = YES;
				CLANG_WARN_BLOCK_CAPTURE_AUTORELEASING = YES;
				CLANG_WARN_BOOL_CONVERSION = YES;
				CLANG_WARN_COMMA = YES;
				CLANG_WARN_CONSTANT_CONVERSION = YES;
				CLANG_WARN_DEPRECATED_OBJC_IMPLEMENTATIONS = YES;
				CLANG_WARN_DIRECT_OBJC_ISA_USAGE = YES_ERROR;
				CLANG_WARN_DOCUMENTATION_COMMENTS = YES;
				CLANG_WARN_EMPTY_BODY = YES;
				CLANG_WARN_ENUM_CONVERSION = YES;
				CLANG_WARN_INFINITE_RECURSION = YES;
				CLANG_WARN_INT_CONVERSION = YES;
				CLANG_WARN_NON_LITERAL_NULL_CONVERSION = YES;
				CLANG_WARN_OBJC_IMPLICIT_RETAIN_SELF = YES;
				CLANG_WARN_OBJC_LITERAL_CONVERSION = YES;
				CLANG_WARN_OBJC_ROOT_CLASS = YES_ERROR;
				CLANG_WARN_RANGE_LOOP_ANALYSIS = YES;
				CLANG_WARN_STRICT_PROTOTYPES = YES;
				CLANG_WARN_SUSPICIOUS_MOVE = YES;
				CLANG_WARN_UNGUARDED_AVAILABILITY = YES_AGGRESSIVE;
				CLANG_WARN_UNREACHABLE_CODE = YES;
				CLANG_WARN__DUPLICATE_METHOD_MATCH = YES;
				CODE_SIGN_IDENTITY = "iPhone Developer";
				COPY_PHASE_STRIP = NO;
				DEBUG_INFORMATION_FORMAT = dwarf;
				ENABLE_STRICT_OBJC_MSGSEND = YES;
				ENABLE_TESTABILITY = YES;
				GCC_C_LANGUAGE_STANDARD = gnu11;
				GCC_DYNAMIC_NO_PIC = NO;
				GCC_NO_COMMON_BLOCKS = YES;
				GCC_OPTIMIZATION_LEVEL = 0;
				GCC_PREPROCESSOR_DEFINITIONS = (
					"DEBUG=1",
					"$(inherited)",
				);
				GCC_WARN_64_TO_32_BIT_CONVERSION = YES;
				GCC_WARN_ABOUT_RETURN_TYPE = YES_ERROR;
				GCC_WARN_UNDECLARED_SELECTOR = YES;
				GCC_WARN_UNINITIALIZED_AUTOS = YES_AGGRESSIVE;
				GCC_WARN_UNUSED_FUNCTION = YES;
				GCC_WARN_UNUSED_VARIABLE = YES;
				IPHONEOS_DEPLOYMENT_TARGET = 11.3;
				MTL_ENABLE_DEBUG_INFO = YES;
				ONLY_ACTIVE_ARCH = YES;
				SDKROOT = iphoneos;
				SWIFT_ACTIVE_COMPILATION_CONDITIONS = DEBUG;
				SWIFT_OPTIMIZATION_LEVEL = "-Onone";
			};
			name = Debug;
		};
		2A7BA6C920B46A7E00A7798D /* Release */ = {
			isa = XCBuildConfiguration;
			buildSettings = {
				ALWAYS_SEARCH_USER_PATHS = NO;
				CLANG_ANALYZER_NONNULL = YES;
				CLANG_ANALYZER_NUMBER_OBJECT_CONVERSION = YES_AGGRESSIVE;
				CLANG_CXX_LANGUAGE_STANDARD = "gnu++14";
				CLANG_CXX_LIBRARY = "libc++";
				CLANG_ENABLE_MODULES = YES;
				CLANG_ENABLE_OBJC_ARC = YES;
				CLANG_ENABLE_OBJC_WEAK = YES;
				CLANG_WARN_BLOCK_CAPTURE_AUTORELEASING = YES;
				CLANG_WARN_BOOL_CONVERSION = YES;
				CLANG_WARN_COMMA = YES;
				CLANG_WARN_CONSTANT_CONVERSION = YES;
				CLANG_WARN_DEPRECATED_OBJC_IMPLEMENTATIONS = YES;
				CLANG_WARN_DIRECT_OBJC_ISA_USAGE = YES_ERROR;
				CLANG_WARN_DOCUMENTATION_COMMENTS = YES;
				CLANG_WARN_EMPTY_BODY = YES;
				CLANG_WARN_ENUM_CONVERSION = YES;
				CLANG_WARN_INFINITE_RECURSION = YES;
				CLANG_WARN_INT_CONVERSION = YES;
				CLANG_WARN_NON_LITERAL_NULL_CONVERSION = YES;
				CLANG_WARN_OBJC_IMPLICIT_RETAIN_SELF = YES;
				CLANG_WARN_OBJC_LITERAL_CONVERSION = YES;
				CLANG_WARN_OBJC_ROOT_CLASS = YES_ERROR;
				CLANG_WARN_RANGE_LOOP_ANALYSIS = YES;
				CLANG_WARN_STRICT_PROTOTYPES = YES;
				CLANG_WARN_SUSPICIOUS_MOVE = YES;
				CLANG_WARN_UNGUARDED_AVAILABILITY = YES_AGGRESSIVE;
				CLANG_WARN_UNREACHABLE_CODE = YES;
				CLANG_WARN__DUPLICATE_METHOD_MATCH = YES;
				CODE_SIGN_IDENTITY = "iPhone Developer";
				COPY_PHASE_STRIP = NO;
				DEBUG_INFORMATION_FORMAT = "dwarf-with-dsym";
				ENABLE_NS_ASSERTIONS = NO;
				ENABLE_STRICT_OBJC_MSGSEND = YES;
				GCC_C_LANGUAGE_STANDARD = gnu11;
				GCC_NO_COMMON_BLOCKS = YES;
				GCC_WARN_64_TO_32_BIT_CONVERSION = YES;
				GCC_WARN_ABOUT_RETURN_TYPE = YES_ERROR;
				GCC_WARN_UNDECLARED_SELECTOR = YES;
				GCC_WARN_UNINITIALIZED_AUTOS = YES_AGGRESSIVE;
				GCC_WARN_UNUSED_FUNCTION = YES;
				GCC_WARN_UNUSED_VARIABLE = YES;
				IPHONEOS_DEPLOYMENT_TARGET = 11.3;
				MTL_ENABLE_DEBUG_INFO = NO;
				SDKROOT = iphoneos;
				SWIFT_COMPILATION_MODE = wholemodule;
				SWIFT_OPTIMIZATION_LEVEL = "-O";
				VALIDATE_PRODUCT = YES;
			};
			name = Release;
		};
		2A7BA6CB20B46A7E00A7798D /* Debug */ = {
			isa = XCBuildConfiguration;
			baseConfigurationReference = 006DAD1BF4A0DADCB2CBD885 /* Pods-Greatest Answer.debug.xcconfig */;
			buildSettings = {
				ASSETCATALOG_COMPILER_APPICON_NAME = AppIcon;
				CODE_SIGN_STYLE = Automatic;
				DEVELOPMENT_TEAM = QR68XK5Y9K;
				FRAMEWORK_SEARCH_PATHS = (
					"$(inherited)",
					"$(PROJECT_DIR)/Carthage/Build/iOS",
				);
				INFOPLIST_FILE = "Greatest Answer/Settings/Info.plist";
				LD_RUNPATH_SEARCH_PATHS = (
					"$(inherited)",
					"@executable_path/Frameworks",
				);
				PRODUCT_BUNDLE_IDENTIFIER = "takumi-karibe.Greatest-Answer";
				PRODUCT_NAME = "$(TARGET_NAME)";
				SWIFT_VERSION = 4.0;
				TARGETED_DEVICE_FAMILY = "1,2";
			};
			name = Debug;
		};
		2A7BA6CC20B46A7E00A7798D /* Release */ = {
			isa = XCBuildConfiguration;
			baseConfigurationReference = 165DA887363F6E395D4F997D /* Pods-Greatest Answer.release.xcconfig */;
			buildSettings = {
				ASSETCATALOG_COMPILER_APPICON_NAME = AppIcon;
				CODE_SIGN_STYLE = Automatic;
				DEVELOPMENT_TEAM = QR68XK5Y9K;
				FRAMEWORK_SEARCH_PATHS = (
					"$(inherited)",
					"$(PROJECT_DIR)/Carthage/Build/iOS",
				);
				INFOPLIST_FILE = "Greatest Answer/Settings/Info.plist";
				LD_RUNPATH_SEARCH_PATHS = (
					"$(inherited)",
					"@executable_path/Frameworks",
				);
				PRODUCT_BUNDLE_IDENTIFIER = "takumi-karibe.Greatest-Answer";
				PRODUCT_NAME = "$(TARGET_NAME)";
				SWIFT_VERSION = 4.0;
				TARGETED_DEVICE_FAMILY = "1,2";
			};
			name = Release;
		};
		2A7BA6CE20B46A7E00A7798D /* Debug */ = {
			isa = XCBuildConfiguration;
			baseConfigurationReference = 38B1139017F2A57CB47D1FED /* Pods-Greatest AnswerTests.debug.xcconfig */;
			buildSettings = {
				ALWAYS_EMBED_SWIFT_STANDARD_LIBRARIES = YES;
				BUNDLE_LOADER = "$(TEST_HOST)";
				CODE_SIGN_STYLE = Automatic;
				DEVELOPMENT_TEAM = QR68XK5Y9K;
				INFOPLIST_FILE = AsaKoreTests/Info.plist;
				LD_RUNPATH_SEARCH_PATHS = (
					"$(inherited)",
					"@executable_path/Frameworks",
					"@loader_path/Frameworks",
				);
				PRODUCT_BUNDLE_IDENTIFIER = "takumi-karibe.AsaKoreTests";
				PRODUCT_NAME = "$(TARGET_NAME)";
				SWIFT_VERSION = 4.0;
				TARGETED_DEVICE_FAMILY = "1,2";
				TEST_HOST = "$(BUILT_PRODUCTS_DIR)/Greatest Answer.app/Greatest Answer";
			};
			name = Debug;
		};
		2A7BA6CF20B46A7E00A7798D /* Release */ = {
			isa = XCBuildConfiguration;
			baseConfigurationReference = 05102E4977AFE1DD4B144626 /* Pods-Greatest AnswerTests.release.xcconfig */;
			buildSettings = {
				ALWAYS_EMBED_SWIFT_STANDARD_LIBRARIES = YES;
				BUNDLE_LOADER = "$(TEST_HOST)";
				CODE_SIGN_STYLE = Automatic;
				DEVELOPMENT_TEAM = QR68XK5Y9K;
				INFOPLIST_FILE = AsaKoreTests/Info.plist;
				LD_RUNPATH_SEARCH_PATHS = (
					"$(inherited)",
					"@executable_path/Frameworks",
					"@loader_path/Frameworks",
				);
				PRODUCT_BUNDLE_IDENTIFIER = "takumi-karibe.AsaKoreTests";
				PRODUCT_NAME = "$(TARGET_NAME)";
				SWIFT_VERSION = 4.0;
				TARGETED_DEVICE_FAMILY = "1,2";
				TEST_HOST = "$(BUILT_PRODUCTS_DIR)/Greatest Answer.app/Greatest Answer";
			};
			name = Release;
		};
/* End XCBuildConfiguration section */

/* Begin XCConfigurationList section */
		2A7BA6A820B46A7C00A7798D /* Build configuration list for PBXProject "Greatest Answer" */ = {
			isa = XCConfigurationList;
			buildConfigurations = (
				2A7BA6C820B46A7E00A7798D /* Debug */,
				2A7BA6C920B46A7E00A7798D /* Release */,
			);
			defaultConfigurationIsVisible = 0;
			defaultConfigurationName = Release;
		};
		2A7BA6CA20B46A7E00A7798D /* Build configuration list for PBXNativeTarget "Greatest Answer" */ = {
			isa = XCConfigurationList;
			buildConfigurations = (
				2A7BA6CB20B46A7E00A7798D /* Debug */,
				2A7BA6CC20B46A7E00A7798D /* Release */,
			);
			defaultConfigurationIsVisible = 0;
			defaultConfigurationName = Release;
		};
		2A7BA6CD20B46A7E00A7798D /* Build configuration list for PBXNativeTarget "Greatest AnswerTests" */ = {
			isa = XCConfigurationList;
			buildConfigurations = (
				2A7BA6CE20B46A7E00A7798D /* Debug */,
				2A7BA6CF20B46A7E00A7798D /* Release */,
			);
			defaultConfigurationIsVisible = 0;
			defaultConfigurationName = Release;
		};
/* End XCConfigurationList section */
	};
	rootObject = 2A7BA6A520B46A7C00A7798D /* Project object */;
}
